
Microsoft Visual Studio Solution File, Format Version 12.00
# Visual Studio Version 17
VisualStudioVersion = 17.9.34723.18
MinimumVisualStudioVersion = 10.0.40219.1
Project("{FAE04EC0-301F-11D3-BF4B-00C04F79EFBC}") = "SerializeSample", "SerializeSample\SerializeSample.csproj", "{F4A34100-D786-4008-AB38-7474273E8392}"
EndProject
Global
	GlobalSection(SolutionConfigurationPlatforms) = preSolution
		Debug|Any CPU = Debug|Any CPU
		Release|Any CPU = Release|Any CPU
	EndGlobalSection
	GlobalSection(ProjectConfigurationPlatforms) = postSolution
		{F4A34100-D786-4008-AB38-7474273E8392}.Debug|Any CPU.ActiveCfg = Debug|Any CPU
		{F4A34100-D786-4008-AB38-7474273E8392}.Debug|Any CPU.Build.0 = Debug|Any CPU
		{F4A34100-D786-4008-AB38-7474273E8392}.Release|Any CPU.ActiveCfg = Release|Any CPU
		{F4A34100-D786-4008-AB38-7474273E8392}.Release|Any CPU.Build.0 = Release|Any CPU
	EndGlobalSection
	GlobalSection(SolutionProperties) = preSolution
		HideSolutionNode = FALSE
	EndGlobalSection
	GlobalSection(ExtensibilityGlobals) = postSolution
		SolutionGuid = {4730AACC-232F-4739-B2BB-CA9909466690}
	EndGlobalSection
EndGlobal
